PODS:
  - FlutterMacOS (1.0.0)
  - system_proxy_resolver (0.0.1):
    - FlutterMacOS

DEPENDENCIES:
  - FlutterMacOS (from `Flutter/ephemeral`)
  - system_proxy_resolver (from `Flutter/ephemeral/.symlinks/plugins/system_proxy_resolver/macos`)

EXTERNAL SOURCES:
  FlutterMacOS:
    :path: Flutter/ephemeral
  system_proxy_resolver:
    :path: Flutter/ephemeral/.symlinks/plugins/system_proxy_resolver/macos

SPEC CHECKSUMS:
  FlutterMacOS: ae6af50a8ea7d6103d888583d46bd8328a7e9811
  system_proxy_resolver: 489375a165e9eb10d2519861e02da399cd339571

PODFILE CHECKSUM: 6eac6b3292e5142cfc23bdeb71848a40ec51c14c

COCOAPODS: 1.11.3
