PODS:
  - FlutterMacOS (1.0.0)
  - system_proxy_resolver_foundation (0.0.1):
    - FlutterMacOS

DEPENDENCIES:
  - FlutterMacOS (from `Flutter/ephemeral`)
  - system_proxy_resolver_foundation (from `Flutter/ephemeral/.symlinks/plugins/system_proxy_resolver_foundation/macos`)

EXTERNAL SOURCES:
  FlutterMacOS:
    :path: Flutter/ephemeral
  system_proxy_resolver_foundation:
    :path: Flutter/ephemeral/.symlinks/plugins/system_proxy_resolver_foundation/macos

SPEC CHECKSUMS:
  FlutterMacOS: 8f6f14fa908a6fb3fba0cd85dbd81ec4b251fb24
  system_proxy_resolver_foundation: 519f0e57225ffe8b45e2268efc54db5b97f540a3

PODFILE CHECKSUM: 353c8bcc5d5b0994e508d035b5431cfe18c1dea7

COCOAPODS: 1.11.3
